Microsoft Visual Studio Solution File, Format Version 12.00
Project("{9A19103F-16F7-4668-BE54-9A1E7A4F7556}") = "HarvestHelper.Common", "src\HarvestHelper.Common\HarvestHelper.Common.csproj", "{C2F26632-B4C3-4C65-BD33-1A3D32742302}"
EndProject
Project("{2150E333-8FDC-42A3-9474-1A3956D46DE8}") = "src", "src", "{15AB65FC-9CD3-4C4A-AB7B-D46FF03329BC}"
EndProject
Global
	GlobalSection(SolutionConfigurationPlatforms) = preSolution
		Debug|Any CPU = Debug|Any CPU
		Release|Any CPU = Release|Any CPU
	EndGlobalSection
	GlobalSection(ProjectConfigurationPlatforms) = postSolution
		{C2F26632-B4C3-4C65-BD33-1A3D32742302}.Debug|Any CPU.ActiveCfg = Debug|Any CPU
		{C2F26632-B4C3-4C65-BD33-1A3D32742302}.Debug|Any CPU.Build.0 = Debug|Any CPU
		{C2F26632-B4C3-4C65-BD33-1A3D32742302}.Release|Any CPU.ActiveCfg = Release|Any CPU
		{C2F26632-B4C3-4C65-BD33-1A3D32742302}.Release|Any CPU.Build.0 = Release|Any CPU
	EndGlobalSection
	GlobalSection(SolutionProperties) = preSolution
		HideSolutionNode = FALSE
	EndGlobalSection
	GlobalSection(NestedProjects) = preSolution
	EndGlobalSection
	GlobalSection(ExtensibilityGlobals) = postSolution
		SolutionGuid = {149FEBC2-57DF-4BDF-AA0A-B4480ADB9817}
	EndGlobalSection
EndGlobal
